
Microsoft Visual Studio Solution File, Format Version 12.00
# Visual Studio Version 17
VisualStudioVersion = 17.7.34031.279
MinimumVisualStudioVersion = 10.0.40219.1
Project("{FAE04EC0-301F-11D3-BF4B-00C04F79EFBC}") = "AppAgenda", "AppAgenda\AppAgenda.csproj", "{9F1B5F3B-7C61-4957-A93E-70577F32ACDB}"
EndProject
Global
	GlobalSection(SolutionConfigurationPlatforms) = preSolution
		Debug|Any CPU = Debug|Any CPU
		Release|Any CPU = Release|Any CPU
	EndGlobalSection
	GlobalSection(ProjectConfigurationPlatforms) = postSolution
		{9F1B5F3B-7C61-4957-A93E-70577F32ACDB}.Debug|Any CPU.ActiveCfg = Debug|Any CPU
		{9F1B5F3B-7C61-4957-A93E-70577F32ACDB}.Debug|Any CPU.Build.0 = Debug|Any CPU
		{9F1B5F3B-7C61-4957-A93E-70577F32ACDB}.Release|Any CPU.ActiveCfg = Release|Any CPU
		{9F1B5F3B-7C61-4957-A93E-70577F32ACDB}.Release|Any CPU.Build.0 = Release|Any CPU
	EndGlobalSection
	GlobalSection(SolutionProperties) = preSolution
		HideSolutionNode = FALSE
	EndGlobalSection
	GlobalSection(ExtensibilityGlobals) = postSolution
		SolutionGuid = {1A7B0DC4-13AB-463C-9FBB-910C7ED7C207}
	EndGlobalSection
EndGlobal
