
Microsoft Visual Studio Solution File, Format Version 12.00
# Visual Studio Version 17
VisualStudioVersion = 17.5.002.0
MinimumVisualStudioVersion = 10.0.40219.1
Project("{9A19103F-16F7-4668-BE54-9A1E7A4F7556}") = "AppProducto", "AppProducto.csproj", "{A877CEAE-1040-4CE6-A97B-E80CE996B451}"
EndProject
Global
	GlobalSection(SolutionConfigurationPlatforms) = preSolution
		Debug|Any CPU = Debug|Any CPU
		Release|Any CPU = Release|Any CPU
	EndGlobalSection
	GlobalSection(ProjectConfigurationPlatforms) = postSolution
		{A877CEAE-1040-4CE6-A97B-E80CE996B451}.Debug|Any CPU.ActiveCfg = Debug|Any CPU
		{A877CEAE-1040-4CE6-A97B-E80CE996B451}.Debug|Any CPU.Build.0 = Debug|Any CPU
		{A877CEAE-1040-4CE6-A97B-E80CE996B451}.Release|Any CPU.ActiveCfg = Release|Any CPU
		{A877CEAE-1040-4CE6-A97B-E80CE996B451}.Release|Any CPU.Build.0 = Release|Any CPU
	EndGlobalSection
	GlobalSection(SolutionProperties) = preSolution
		HideSolutionNode = FALSE
	EndGlobalSection
	GlobalSection(ExtensibilityGlobals) = postSolution
		SolutionGuid = {7963BBB4-CBD1-4BBB-ACBE-BB4BD3ADA1C4}
	EndGlobalSection
EndGlobal
